
Microsoft Visual Studio Solution File, Format Version 12.00
# Visual Studio Version 16
VisualStudioVersion = 16.0.30907.101
MinimumVisualStudioVersion = 10.0.40219.1
Project("{9A19103F-16F7-4668-BE54-9A1E7A4F7556}") = "Generator", "Generator\Generator.csproj", "{2279649A-BAD6-4462-BC9A-EDEF78EE4E36}"
EndProject
Project("{FAE04EC0-301F-11D3-BF4B-00C04F79EFBC}") = "GeneratorOCP", "GeneratorOCP\GeneratorOCP.csproj", "{15FC6181-EE2B-4884-B401-05BC648DE998}"
EndProject
Global
	GlobalSection(SolutionConfigurationPlatforms) = preSolution
		Debug|Any CPU = Debug|Any CPU
		Release|Any CPU = Release|Any CPU
	EndGlobalSection
	GlobalSection(ProjectConfigurationPlatforms) = postSolution
		{2279649A-BAD6-4462-BC9A-EDEF78EE4E36}.Debug|Any CPU.ActiveCfg = Debug|Any CPU
		{2279649A-BAD6-4462-BC9A-EDEF78EE4E36}.Debug|Any CPU.Build.0 = Debug|Any CPU
		{2279649A-BAD6-4462-BC9A-EDEF78EE4E36}.Release|Any CPU.ActiveCfg = Release|Any CPU
		{2279649A-BAD6-4462-BC9A-EDEF78EE4E36}.Release|Any CPU.Build.0 = Release|Any CPU
		{15FC6181-EE2B-4884-B401-05BC648DE998}.Debug|Any CPU.ActiveCfg = Debug|Any CPU
		{15FC6181-EE2B-4884-B401-05BC648DE998}.Debug|Any CPU.Build.0 = Debug|Any CPU
		{15FC6181-EE2B-4884-B401-05BC648DE998}.Release|Any CPU.ActiveCfg = Release|Any CPU
		{15FC6181-EE2B-4884-B401-05BC648DE998}.Release|Any CPU.Build.0 = Release|Any CPU
	EndGlobalSection
	GlobalSection(SolutionProperties) = preSolution
		HideSolutionNode = FALSE
	EndGlobalSection
	GlobalSection(ExtensibilityGlobals) = postSolution
		SolutionGuid = {79F0C017-9284-423D-B306-60A7556D4883}
	EndGlobalSection
EndGlobal
